
Microsoft Visual Studio Solution File, Format Version 12.00
# Visual Studio Version 17
VisualStudioVersion = 17.10.35013.160
MinimumVisualStudioVersion = 10.0.40219.1
Project("{FAE04EC0-301F-11D3-BF4B-00C04F79EFBC}") = "my-task-list", "my-task-list\my-task-list.csproj", "{75B0AB49-3D41-42F6-A383-9A5B3DCA2988}"
EndProject
Global
	GlobalSection(SolutionConfigurationPlatforms) = preSolution
		Debug|Any CPU = Debug|Any CPU
		Release|Any CPU = Release|Any CPU
	EndGlobalSection
	GlobalSection(ProjectConfigurationPlatforms) = postSolution
		{75B0AB49-3D41-42F6-A383-9A5B3DCA2988}.Debug|Any CPU.ActiveCfg = Debug|Any CPU
		{75B0AB49-3D41-42F6-A383-9A5B3DCA2988}.Debug|Any CPU.Build.0 = Debug|Any CPU
		{75B0AB49-3D41-42F6-A383-9A5B3DCA2988}.Debug|Any CPU.Deploy.0 = Debug|Any CPU
		{75B0AB49-3D41-42F6-A383-9A5B3DCA2988}.Release|Any CPU.ActiveCfg = Release|Any CPU
		{75B0AB49-3D41-42F6-A383-9A5B3DCA2988}.Release|Any CPU.Build.0 = Release|Any CPU
		{75B0AB49-3D41-42F6-A383-9A5B3DCA2988}.Release|Any CPU.Deploy.0 = Release|Any CPU
	EndGlobalSection
	GlobalSection(SolutionProperties) = preSolution
		HideSolutionNode = FALSE
	EndGlobalSection
	GlobalSection(ExtensibilityGlobals) = postSolution
		SolutionGuid = {A799B035-22C3-443D-B5CC-C5C720205C0F}
	EndGlobalSection
EndGlobal
